// !$*UTF8*$!
{
	archiveVersion = 1;
	classes = {
	};
	objectVersion = 50;
	objects = {

/* Begin PBXBuildFile section */
		EBB0B95A23BBDE3A004B1060 /* AppDelegate.swift in Sources */ = {isa = PBXBuildFile; fileRef = EBB0B95923BBDE3A004B1060 /* AppDelegate.swift */; };
		EBB0B95C23BBDE3A004B1060 /* SceneDelegate.swift in Sources */ = {isa = PBXBuildFile; fileRef = EBB0B95B23BBDE3A004B1060 /* SceneDelegate.swift */; };
		EBB0B95E23BBDE3A004B1060 /* ViewController.swift in Sources */ = {isa = PBXBuildFile; fileRef = EBB0B95D23BBDE3A004B1060 /* ViewController.swift */; };
		EBB0B96123BBDE3B004B1060 /* Main.storyboard in Resources */ = {isa = PBXBuildFile; fileRef = EBB0B95F23BBDE3A004B1060 /* Main.storyboard */; };
		EBB0B96323BBDE3D004B1060 /* Assets.xcassets in Resources */ = {isa = PBXBuildFile; fileRef = EBB0B96223BBDE3D004B1060 /* Assets.xcassets */; };
		EBB0B96623BBDE3D004B1060 /* LaunchScreen.storyboard in Resources */ = {isa = PBXBuildFile; fileRef = EBB0B96423BBDE3D004B1060 /* LaunchScreen.storyboard */; };
		EBB0B97023BBFA4D004B1060 /* MyTableViewCell.swift in Sources */ = {isa = PBXBuildFile; fileRef = EBB0B96F23BBFA4D004B1060 /* MyTableViewCell.swift */; };
		EBB0B97623BC0835004B1060 /* 2.png in Resources */ = {isa = PBXBuildFile; fileRef = EBB0B97123BC0835004B1060 /* 2.png */; };
		EBB0B97723BC0835004B1060 /* 5.png in Resources */ = {isa = PBXBuildFile; fileRef = EBB0B97223BC0835004B1060 /* 5.png */; };
		EBB0B97823BC0835004B1060 /* 4.png in Resources */ = {isa = PBXBuildFile; fileRef = EBB0B97323BC0835004B1060 /* 4.png */; };
		EBB0B97923BC0835004B1060 /* 3.png in Resources */ = {isa = PBXBuildFile; fileRef = EBB0B97423BC0835004B1060 /* 3.png */; };
		EBB0B97A23BC0835004B1060 /* 1.png in Resources */ = {isa = PBXBuildFile; fileRef = EBB0B97523BC0835004B1060 /* 1.png */; };
/* End PBXBuildFile section */

/* Begin PBXFileReference section */
		EBB0B95623BBDE3A004B1060 /* UIListView.app */ = {isa = PBXFileReference; explicitFileType = wrapper.application; includeInIndex = 0; path = UIListView.app; sourceTree = BUILT_PRODUCTS_DIR; };
		EBB0B95923BBDE3A004B1060 /* AppDelegate.swift */ = {isa = PBXFileReference; lastKnownFileType = sourcecode.swift; path = AppDelegate.swift; sourceTree = "<group>"; };
		EBB0B95B23BBDE3A004B1060 /* SceneDelegate.swift */ = {isa = PBXFileReference; lastKnownFileType = sourcecode.swift; path = SceneDelegate.swift; sourceTree = "<group>"; };
		EBB0B95D23BBDE3A004B1060 /* ViewController.swift */ = {isa = PBXFileReference; lastKnownFileType = sourcecode.swift; path = ViewController.swift; sourceTree = "<group>"; };
		EBB0B96023BBDE3A004B1060 /* Base */ = {isa = PBXFileReference; lastKnownFileType = file.storyboard; name = Base; path = Base.lproj/Main.storyboard; sourceTree = "<group>"; };
		EBB0B96223BBDE3D004B1060 /* Assets.xcassets */ = {isa = PBXFileReference; lastKnownFileType = folder.assetcatalog; path = Assets.xcassets; sourceTree = "<group>"; };
		EBB0B96523BBDE3D004B1060 /* Base */ = {isa = PBXFileReference; lastKnownFileType = file.storyboard; name = Base; path = Base.lproj/LaunchScreen.storyboard; sourceTree = "<group>"; };
		EBB0B96723BBDE3D004B1060 /* Info.plist */ = {isa = PBXFileReference; lastKnownFileType = text.plist.xml; path = Info.plist; sourceTree = "<group>"; };
		EBB0B96F23BBFA4D004B1060 /* MyTableViewCell.swift */ = {isa = PBXFileReference; lastKnownFileType = sourcecode.swift; path = MyTableViewCell.swift; sourceTree = "<group>"; };
		EBB0B97123BC0835004B1060 /* 2.png */ = {isa = PBXFileReference; lastKnownFileType = image.png; name = 2.png; path = ../../../../GroundZero/resources/2.png; sourceTree = "<group>"; };
		EBB0B97223BC0835004B1060 /* 5.png */ = {isa = PBXFileReference; lastKnownFileType = image.png; name = 5.png; path = ../../../../GroundZero/resources/5.png; sourceTree = "<group>"; };
		EBB0B97323BC0835004B1060 /* 4.png */ = {isa = PBXFileReference; lastKnownFileType = image.png; name = 4.png; path = ../../../../GroundZero/resources/4.png; sourceTree = "<group>"; };
		EBB0B97423BC0835004B1060 /* 3.png */ = {isa = PBXFileReference; lastKnownFileType = image.png; name = 3.png; path = ../../../../GroundZero/resources/3.png; sourceTree = "<group>"; };
		EBB0B97523BC0835004B1060 /* 1.png */ = {isa = PBXFileReference; lastKnownFileType = image.png; name = 1.png; path = ../../../../GroundZero/resources/1.png; sourceTree = "<group>"; };
/* End PBXFileReference section */

/* Begin PBXFrameworksBuildPhase section */
		EBB0B95323BBDE3A004B1060 /* Frameworks */ = {
			isa = PBXFrameworksBuildPhase;
			buildActionMask = 2147483647;
			files = (
			);
			runOnlyForDeploymentPostprocessing = 0;
		};
/* End PBXFrameworksBuildPhase section */

/* Begin PBXGroup section */
		EBB0B94D23BBDE3A004B1060 = {
			isa = PBXGroup;
			children = (
				EBB0B95823BBDE3A004B1060 /* UIListView */,
				EBB0B95723BBDE3A004B1060 /* Products */,
			);
			sourceTree = "<group>";
		};
		EBB0B95723BBDE3A004B1060 /* Products */ = {
			isa = PBXGroup;
			children = (
				EBB0B95623BBDE3A004B1060 /* UIListView.app */,
			);
			name = Products;
			sourceTree = "<group>";
		};
		EBB0B95823BBDE3A004B1060 /* UIListView */ = {
			isa = PBXGroup;
			children = (
				EBB0B95923BBDE3A004B1060 /* AppDelegate.swift */,
				EBB0B95B23BBDE3A004B1060 /* SceneDelegate.swift */,
				EBB0B95D23BBDE3A004B1060 /* ViewController.swift */,
				EBB0B95F23BBDE3A004B1060 /* Main.storyboard */,
				EBB0B96223BBDE3D004B1060 /* Assets.xcassets */,
				EBB0B97523BC0835004B1060 /* 1.png */,
				EBB0B97123BC0835004B1060 /* 2.png */,
				EBB0B97423BC0835004B1060 /* 3.png */,
				EBB0B97323BC0835004B1060 /* 4.png */,
				EBB0B97223BC0835004B1060 /* 5.png */,
				EBB0B96423BBDE3D004B1060 /* LaunchScreen.storyboard */,
				EBB0B96723BBDE3D004B1060 /* Info.plist */,
				EBB0B96F23BBFA4D004B1060 /* MyTableViewCell.swift */,
			);
			path = UIListView;
			sourceTree = "<group>";
		};
/* End PBXGroup section */

/* Begin PBXNativeTarget section */
		EBB0B95523BBDE3A004B1060 /* UIListView */ = {
			isa = PBXNativeTarget;
			buildConfigurationList = EBB0B96A23BBDE3D004B1060 /* Build configuration list for PBXNativeTarget "UIListView" */;
			buildPhases = (
				EBB0B95223BBDE3A004B1060 /* Sources */,
				EBB0B95323BBDE3A004B1060 /* Frameworks */,
				EBB0B95423BBDE3A004B1060 /* Resources */,
			);
			buildRules = (
			);
			dependencies = (
			);
			name = UIListView;
			productName = UIListView;
			productReference = EBB0B95623BBDE3A004B1060 /* UIListView.app */;
			productType = "com.apple.product-type.application";
		};
/* End PBXNativeTarget section */

/* Begin PBXProject section */
		EBB0B94E23BBDE3A004B1060 /* Project object */ = {
			isa = PBXProject;
			attributes = {
				LastSwiftUpdateCheck = 1110;
				LastUpgradeCheck = 1110;
				ORGANIZATIONNAME = "Tosh ";
				TargetAttributes = {
					EBB0B95523BBDE3A004B1060 = {
						CreatedOnToolsVersion = 11.1;
					};
				};
			};
			buildConfigurationList = EBB0B95123BBDE3A004B1060 /* Build configuration list for PBXProject "UIListView" */;
			compatibilityVersion = "Xcode 9.3";
			developmentRegion = en;
			hasScannedForEncodings = 0;
			knownRegions = (
				en,
				Base,
			);
			mainGroup = EBB0B94D23BBDE3A004B1060;
			productRefGroup = EBB0B95723BBDE3A004B1060 /* Products */;
			projectDirPath = "";
			projectRoot = "";
			targets = (
				EBB0B95523BBDE3A004B1060 /* UIListView */,
			);
		};
/* End PBXProject section */

/* Begin PBXResourcesBuildPhase section */
		EBB0B95423BBDE3A004B1060 /* Resources */ = {
			isa = PBXResourcesBuildPhase;
			buildActionMask = 2147483647;
			files = (
				EBB0B97823BC0835004B1060 /* 4.png in Resources */,
				EBB0B97A23BC0835004B1060 /* 1.png in Resources */,
				EBB0B96623BBDE3D004B1060 /* LaunchScreen.storyboard in Resources */,
				EBB0B97723BC0835004B1060 /* 5.png in Resources */,
				EBB0B96323BBDE3D004B1060 /* Assets.xcassets in Resources */,
				EBB0B97623BC0835004B1060 /* 2.png in Resources */,
				EBB0B97923BC0835004B1060 /* 3.png in Resources */,
				EBB0B96123BBDE3B004B1060 /* Main.storyboard in Resources */,
			);
			runOnlyForDeploymentPostprocessing = 0;
		};
/* End PBXResourcesBuildPhase section */

/* Begin PBXSourcesBuildPhase section */
		EBB0B95223BBDE3A004B1060 /* Sources */ = {
			isa = PBXSourcesBuildPhase;
			buildActionMask = 2147483647;
			files = (
				EBB0B95E23BBDE3A004B1060 /* ViewController.swift in Sources */,
				EBB0B97023BBFA4D004B1060 /* MyTableViewCell.swift in Sources */,
				EBB0B95A23BBDE3A004B1060 /* AppDelegate.swift in Sources */,
				EBB0B95C23BBDE3A004B1060 /* SceneDelegate.swift in Sources */,
			);
			runOnlyForDeploymentPostprocessing = 0;
		};
/* End PBXSourcesBuildPhase section */

/* Begin PBXVariantGroup section */
		EBB0B95F23BBDE3A004B1060 /* Main.storyboard */ = {
			isa = PBXVariantGroup;
			children = (
				EBB0B96023BBDE3A004B1060 /* Base */,
			);
			name = Main.storyboard;
			sourceTree = "<group>";
		};
		EBB0B96423BBDE3D004B1060 /* LaunchScreen.storyboard */ = {
			isa = PBXVariantGroup;
			children = (
				EBB0B96523BBDE3D004B1060 /* Base */,
			);
			name = LaunchScreen.storyboard;
			sourceTree = "<group>";
		};
/* End PBXVariantGroup section */

/* Begin XCBuildConfiguration section */
		EBB0B96823BBDE3D004B1060 /* Debug */ = {
			isa = XCBuildConfiguration;
			buildSettings = {
				ALWAYS_SEARCH_USER_PATHS = NO;
				CLANG_ANALYZER_NONNULL = YES;
				CLANG_ANALYZER_NUMBER_OBJECT_CONVERSION = YES_AGGRESSIVE;
				CLANG_CXX_LANGUAGE_STANDARD = "gnu++14";
				CLANG_CXX_LIBRARY = "libc++";
				CLANG_ENABLE_MODULES = YES;
				CLANG_ENABLE_OBJC_ARC = YES;
				CLANG_ENABLE_OBJC_WEAK = YES;
				CLANG_WARN_BLOCK_CAPTURE_AUTORELEASING = YES;
				CLANG_WARN_BOOL_CONVERSION = YES;
				CLANG_WARN_COMMA = YES;
				CLANG_WARN_CONSTANT_CONVERSION = YES;
				CLANG_WARN_DEPRECATED_OBJC_IMPLEMENTATIONS = YES;
				CLANG_WARN_DIRECT_OBJC_ISA_USAGE = YES_ERROR;
				CLANG_WARN_DOCUMENTATION_COMMENTS = YES;
				CLANG_WARN_EMPTY_BODY = YES;
				CLANG_WARN_ENUM_CONVERSION = YES;
				CLANG_WARN_INFINITE_RECURSION = YES;
				CLANG_WARN_INT_CONVERSION = YES;
				CLANG_WARN_NON_LITERAL_NULL_CONVERSION = YES;
				CLANG_WARN_OBJC_IMPLICIT_RETAIN_SELF = YES;
				CLANG_WARN_OBJC_LITERAL_CONVERSION = YES;
				CLANG_WARN_OBJC_ROOT_CLASS = YES_ERROR;
				CLANG_WARN_RANGE_LOOP_ANALYSIS = YES;
				CLANG_WARN_STRICT_PROTOTYPES = YES;
				CLANG_WARN_SUSPICIOUS_MOVE = YES;
				CLANG_WARN_UNGUARDED_AVAILABILITY = YES_AGGRESSIVE;
				CLANG_WARN_UNREACHABLE_CODE = YES;
				CLANG_WARN__DUPLICATE_METHOD_MATCH = YES;
				COPY_PHASE_STRIP = NO;
				DEBUG_INFORMATION_FORMAT = dwarf;
				ENABLE_STRICT_OBJC_MSGSEND = YES;
				ENABLE_TESTABILITY = YES;
				GCC_C_LANGUAGE_STANDARD = gnu11;
				GCC_DYNAMIC_NO_PIC = NO;
				GCC_NO_COMMON_BLOCKS = YES;
				GCC_OPTIMIZATION_LEVEL = 0;
				GCC_PREPROCESSOR_DEFINITIONS = (
					"DEBUG=1",
					"$(inherited)",
				);
				GCC_WARN_64_TO_32_BIT_CONVERSION = YES;
				GCC_WARN_ABOUT_RETURN_TYPE = YES_ERROR;
				GCC_WARN_UNDECLARED_SELECTOR = YES;
				GCC_WARN_UNINITIALIZED_AUTOS = YES_AGGRESSIVE;
				GCC_WARN_UNUSED_FUNCTION = YES;
				GCC_WARN_UNUSED_VARIABLE = YES;
				IPHONEOS_DEPLOYMENT_TARGET = 13.1;
				MTL_ENABLE_DEBUG_INFO = INCLUDE_SOURCE;
				MTL_FAST_MATH = YES;
				ONLY_ACTIVE_ARCH = YES;
				SDKROOT = iphoneos;
				SWIFT_ACTIVE_COMPILATION_CONDITIONS = DEBUG;
				SWIFT_OPTIMIZATION_LEVEL = "-Onone";
			};
			name = Debug;
		};
		EBB0B96923BBDE3D004B1060 /* Release */ = {
			isa = XCBuildConfiguration;
			buildSettings = {
				ALWAYS_SEARCH_USER_PATHS = NO;
				CLANG_ANALYZER_NONNULL = YES;
				CLANG_ANALYZER_NUMBER_OBJECT_CONVERSION = YES_AGGRESSIVE;
				CLANG_CXX_LANGUAGE_STANDARD = "gnu++14";
				CLANG_CXX_LIBRARY = "libc++";
				CLANG_ENABLE_MODULES = YES;
				CLANG_ENABLE_OBJC_ARC = YES;
				CLANG_ENABLE_OBJC_WEAK = YES;
				CLANG_WARN_BLOCK_CAPTURE_AUTORELEASING = YES;
				CLANG_WARN_BOOL_CONVERSION = YES;
				CLANG_WARN_COMMA = YES;
				CLANG_WARN_CONSTANT_CONVERSION = YES;
				CLANG_WARN_DEPRECATED_OBJC_IMPLEMENTATIONS = YES;
				CLANG_WARN_DIRECT_OBJC_ISA_USAGE = YES_ERROR;
				CLANG_WARN_DOCUMENTATION_COMMENTS = YES;
				CLANG_WARN_EMPTY_BODY = YES;
				CLANG_WARN_ENUM_CONVERSION = YES;
				CLANG_WARN_INFINITE_RECURSION = YES;
				CLANG_WARN_INT_CONVERSION = YES;
				CLANG_WARN_NON_LITERAL_NULL_CONVERSION = YES;
				CLANG_WARN_OBJC_IMPLICIT_RETAIN_SELF = YES;
				CLANG_WARN_OBJC_LITERAL_CONVERSION = YES;
				CLANG_WARN_OBJC_ROOT_CLASS = YES_ERROR;
				CLANG_WARN_RANGE_LOOP_ANALYSIS = YES;
				CLANG_WARN_STRICT_PROTOTYPES = YES;
				CLANG_WARN_SUSPICIOUS_MOVE = YES;
				CLANG_WARN_UNGUARDED_AVAILABILITY = YES_AGGRESSIVE;
				CLANG_WARN_UNREACHABLE_CODE = YES;
				CLANG_WARN__DUPLICATE_METHOD_MATCH = YES;
				COPY_PHASE_STRIP = NO;
				DEBUG_INFORMATION_FORMAT = "dwarf-with-dsym";
				ENABLE_NS_ASSERTIONS = NO;
				ENABLE_STRICT_OBJC_MSGSEND = YES;
				GCC_C_LANGUAGE_STANDARD = gnu11;
				GCC_NO_COMMON_BLOCKS = YES;
				GCC_WARN_64_TO_32_BIT_CONVERSION = YES;
				GCC_WARN_ABOUT_RETURN_TYPE = YES_ERROR;
				GCC_WARN_UNDECLARED_SELECTOR = YES;
				GCC_WARN_UNINITIALIZED_AUTOS = YES_AGGRESSIVE;
				GCC_WARN_UNUSED_FUNCTION = YES;
				GCC_WARN_UNUSED_VARIABLE = YES;
				IPHONEOS_DEPLOYMENT_TARGET = 13.1;
				MTL_ENABLE_DEBUG_INFO = NO;
				MTL_FAST_MATH = YES;
				SDKROOT = iphoneos;
				SWIFT_COMPILATION_MODE = wholemodule;
				SWIFT_OPTIMIZATION_LEVEL = "-O";
				VALIDATE_PRODUCT = YES;
			};
			name = Release;
		};
		EBB0B96B23BBDE3D004B1060 /* Debug */ = {
			isa = XCBuildConfiguration;
			buildSettings = {
				ASSETCATALOG_COMPILER_APPICON_NAME = AppIcon;
				CODE_SIGN_STYLE = Automatic;
				INFOPLIST_FILE = UIListView/Info.plist;
				LD_RUNPATH_SEARCH_PATHS = (
					"$(inherited)",
					"@executable_path/Frameworks",
				);
				PRODUCT_BUNDLE_IDENTIFIER = com.tosh.UIListView;
				PRODUCT_NAME = "$(TARGET_NAME)";
				SWIFT_VERSION = 5.0;
				TARGETED_DEVICE_FAMILY = "1,2";
			};
			name = Debug;
		};
		EBB0B96C23BBDE3D004B1060 /* Release */ = {
			isa = XCBuildConfiguration;
			buildSettings = {
				ASSETCATALOG_COMPILER_APPICON_NAME = AppIcon;
				CODE_SIGN_STYLE = Automatic;
				INFOPLIST_FILE = UIListView/Info.plist;
				LD_RUNPATH_SEARCH_PATHS = (
					"$(inherited)",
					"@executable_path/Frameworks",
				);
				PRODUCT_BUNDLE_IDENTIFIER = com.tosh.UIListView;
				PRODUCT_NAME = "$(TARGET_NAME)";
				SWIFT_VERSION = 5.0;
				TARGETED_DEVICE_FAMILY = "1,2";
			};
			name = Release;
		};
/* End XCBuildConfiguration section */

/* Begin XCConfigurationList section */
		EBB0B95123BBDE3A004B1060 /* Build configuration list for PBXProject "UIListView" */ = {
			isa = XCConfigurationList;
			buildConfigurations = (
				EBB0B96823BBDE3D004B1060 /* Debug */,
				EBB0B96923BBDE3D004B1060 /* Release */,
			);
			defaultConfigurationIsVisible = 0;
			defaultConfigurationName = Release;
		};
		EBB0B96A23BBDE3D004B1060 /* Build configuration list for PBXNativeTarget "UIListView" */ = {
			isa = XCConfigurationList;
			buildConfigurations = (
				EBB0B96B23BBDE3D004B1060 /* Debug */,
				EBB0B96C23BBDE3D004B1060 /* Release */,
			);
			defaultConfigurationIsVisible = 0;
			defaultConfigurationName = Release;
		};
/* End XCConfigurationList section */
	};
	rootObject = EBB0B94E23BBDE3A004B1060 /* Project object */;
}
